
Microsoft Visual Studio Solution File, Format Version 12.00
# Visual Studio Version 17
VisualStudioVersion = 17.5.33530.505
MinimumVisualStudioVersion = 10.0.40219.1
Project("{FAE04EC0-301F-11D3-BF4B-00C04F79EFBC}") = "LTMS", "LTMS.csproj", "{D9C0068A-D9D4-4CD8-87F4-F899EEACD9A4}"
EndProject
Global
	GlobalSection(SolutionConfigurationPlatforms) = preSolution
		Debug|Any CPU = Debug|Any CPU
		Release|Any CPU = Release|Any CPU
	EndGlobalSection
	GlobalSection(ProjectConfigurationPlatforms) = postSolution
		{D9C0068A-D9D4-4CD8-87F4-F899EEACD9A4}.Debug|Any CPU.ActiveCfg = Debug|Any CPU
		{D9C0068A-D9D4-4CD8-87F4-F899EEACD9A4}.Debug|Any CPU.Build.0 = Debug|Any CPU
		{D9C0068A-D9D4-4CD8-87F4-F899EEACD9A4}.Release|Any CPU.ActiveCfg = Release|Any CPU
		{D9C0068A-D9D4-4CD8-87F4-F899EEACD9A4}.Release|Any CPU.Build.0 = Release|Any CPU
	EndGlobalSection
	GlobalSection(SolutionProperties) = preSolution
		HideSolutionNode = FALSE
	EndGlobalSection
	GlobalSection(ExtensibilityGlobals) = postSolution
		SolutionGuid = {6703D5D6-A40B-433F-94EC-169BC93B6CC7}
	EndGlobalSection
EndGlobal
